
Microsoft Visual Studio Solution File, Format Version 12.00
# Visual Studio Version 17
VisualStudioVersion = 17.5.320.0
MinimumVisualStudioVersion = 10.0.40219.1
Project("{2150E333-8FDC-42A3-9474-1A3956D46DE8}") = "Domain", "Domain", "{996CEBED-A05B-5D42-3FF0-982E087A2599}"
EndProject
Project("{FAE04EC0-301F-11D3-BF4B-00C04F79EFBC}") = "MicroRabbit.Domain.Core", "Domain\MicroRabbit.Domain.Core\MicroRabbit.Domain.Core.csproj", "{CE73FF08-1DF6-42FD-BA3E-85AA8BC35C38}"
EndProject
Project("{FAE04EC0-301F-11D3-BF4B-00C04F79EFBC}") = "MicroRabbit.Infra.Bus", "MicroRabbit.Infra.Bus\MicroRabbit.Infra.Bus.csproj", "{5DFCDF69-193A-48A5-934B-74A36DFF81CC}"
EndProject
Project("{FAE04EC0-301F-11D3-BF4B-00C04F79EFBC}") = "MicroRabbit.Infra.IoC", "MicroRabbit.Infra.IoC\MicroRabbit.Infra.IoC.csproj", "{D958B367-A128-4193-98AB-9755C2937782}"
EndProject
Global
	GlobalSection(SolutionConfigurationPlatforms) = preSolution
		Debug|Any CPU = Debug|Any CPU
		Debug|x64 = Debug|x64
		Debug|x86 = Debug|x86
		Release|Any CPU = Release|Any CPU
		Release|x64 = Release|x64
		Release|x86 = Release|x86
	EndGlobalSection
	GlobalSection(ProjectConfigurationPlatforms) = postSolution
		{CE73FF08-1DF6-42FD-BA3E-85AA8BC35C38}.Debug|Any CPU.ActiveCfg = Debug|Any CPU
		{CE73FF08-1DF6-42FD-BA3E-85AA8BC35C38}.Debug|Any CPU.Build.0 = Debug|Any CPU
		{CE73FF08-1DF6-42FD-BA3E-85AA8BC35C38}.Debug|x64.ActiveCfg = Debug|Any CPU
		{CE73FF08-1DF6-42FD-BA3E-85AA8BC35C38}.Debug|x64.Build.0 = Debug|Any CPU
		{CE73FF08-1DF6-42FD-BA3E-85AA8BC35C38}.Debug|x86.ActiveCfg = Debug|Any CPU
		{CE73FF08-1DF6-42FD-BA3E-85AA8BC35C38}.Debug|x86.Build.0 = Debug|Any CPU
		{CE73FF08-1DF6-42FD-BA3E-85AA8BC35C38}.Release|Any CPU.ActiveCfg = Release|Any CPU
		{CE73FF08-1DF6-42FD-BA3E-85AA8BC35C38}.Release|Any CPU.Build.0 = Release|Any CPU
		{CE73FF08-1DF6-42FD-BA3E-85AA8BC35C38}.Release|x64.ActiveCfg = Release|Any CPU
		{CE73FF08-1DF6-42FD-BA3E-85AA8BC35C38}.Release|x64.Build.0 = Release|Any CPU
		{CE73FF08-1DF6-42FD-BA3E-85AA8BC35C38}.Release|x86.ActiveCfg = Release|Any CPU
		{CE73FF08-1DF6-42FD-BA3E-85AA8BC35C38}.Release|x86.Build.0 = Release|Any CPU
		{5DFCDF69-193A-48A5-934B-74A36DFF81CC}.Debug|Any CPU.ActiveCfg = Debug|Any CPU
		{5DFCDF69-193A-48A5-934B-74A36DFF81CC}.Debug|Any CPU.Build.0 = Debug|Any CPU
		{5DFCDF69-193A-48A5-934B-74A36DFF81CC}.Debug|x64.ActiveCfg = Debug|Any CPU
		{5DFCDF69-193A-48A5-934B-74A36DFF81CC}.Debug|x64.Build.0 = Debug|Any CPU
		{5DFCDF69-193A-48A5-934B-74A36DFF81CC}.Debug|x86.ActiveCfg = Debug|Any CPU
		{5DFCDF69-193A-48A5-934B-74A36DFF81CC}.Debug|x86.Build.0 = Debug|Any CPU
		{5DFCDF69-193A-48A5-934B-74A36DFF81CC}.Release|Any CPU.ActiveCfg = Release|Any CPU
		{5DFCDF69-193A-48A5-934B-74A36DFF81CC}.Release|Any CPU.Build.0 = Release|Any CPU
		{5DFCDF69-193A-48A5-934B-74A36DFF81CC}.Release|x64.ActiveCfg = Release|Any CPU
		{5DFCDF69-193A-48A5-934B-74A36DFF81CC}.Release|x64.Build.0 = Release|Any CPU
		{5DFCDF69-193A-48A5-934B-74A36DFF81CC}.Release|x86.ActiveCfg = Release|Any CPU
		{5DFCDF69-193A-48A5-934B-74A36DFF81CC}.Release|x86.Build.0 = Release|Any CPU
		{D958B367-A128-4193-98AB-9755C2937782}.Debug|Any CPU.ActiveCfg = Debug|Any CPU
		{D958B367-A128-4193-98AB-9755C2937782}.Debug|Any CPU.Build.0 = Debug|Any CPU
		{D958B367-A128-4193-98AB-9755C2937782}.Debug|x64.ActiveCfg = Debug|Any CPU
		{D958B367-A128-4193-98AB-9755C2937782}.Debug|x64.Build.0 = Debug|Any CPU
		{D958B367-A128-4193-98AB-9755C2937782}.Debug|x86.ActiveCfg = Debug|Any CPU
		{D958B367-A128-4193-98AB-9755C2937782}.Debug|x86.Build.0 = Debug|Any CPU
		{D958B367-A128-4193-98AB-9755C2937782}.Release|Any CPU.ActiveCfg = Release|Any CPU
		{D958B367-A128-4193-98AB-9755C2937782}.Release|Any CPU.Build.0 = Release|Any CPU
		{D958B367-A128-4193-98AB-9755C2937782}.Release|x64.ActiveCfg = Release|Any CPU
		{D958B367-A128-4193-98AB-9755C2937782}.Release|x64.Build.0 = Release|Any CPU
		{D958B367-A128-4193-98AB-9755C2937782}.Release|x86.ActiveCfg = Release|Any CPU
		{D958B367-A128-4193-98AB-9755C2937782}.Release|x86.Build.0 = Release|Any CPU
	EndGlobalSection
	GlobalSection(SolutionProperties) = preSolution
		HideSolutionNode = FALSE
	EndGlobalSection
	GlobalSection(NestedProjects) = preSolution
		{CE73FF08-1DF6-42FD-BA3E-85AA8BC35C38} = {996CEBED-A05B-5D42-3FF0-982E087A2599}
	EndGlobalSection
	GlobalSection(ExtensibilityGlobals) = postSolution
		SolutionGuid = {EA741FCE-9714-4E76-9104-290B5DC71E29}
	EndGlobalSection
EndGlobal
