
Microsoft Visual Studio Solution File, Format Version 12.00
# Visual Studio Version 17
VisualStudioVersion = 17.5.320.0
MinimumVisualStudioVersion = 10.0.40219.1
Project("{2150E333-8FDC-42A3-9474-1A3956D46DE8}") = "Domain", "Domain", "{996CEBED-A05B-5D42-3FF0-982E087A2599}"
EndProject
Project("{FAE04EC0-301F-11D3-BF4B-00C04F79EFBC}") = "MicroRabbit.Domain.Core", "Domain\MicroRabbit.Domain.Core\MicroRabbit.Domain.Core.csproj", "{CE73FF08-1DF6-42FD-BA3E-85AA8BC35C38}"
EndProject
Project("{FAE04EC0-301F-11D3-BF4B-00C04F79EFBC}") = "MicroRabbit.Infra.Bus", "MicroRabbit.Infra.Bus\MicroRabbit.Infra.Bus.csproj", "{5DFCDF69-193A-48A5-934B-74A36DFF81CC}"
EndProject
Project("{FAE04EC0-301F-11D3-BF4B-00C04F79EFBC}") = "MicroRabbit.Infra.IoC", "MicroRabbit.Infra.IoC\MicroRabbit.Infra.IoC.csproj", "{D958B367-A128-4193-98AB-9755C2937782}"
EndProject
Project("{2150E333-8FDC-42A3-9474-1A3956D46DE8}") = "Microservices", "Microservices", "{8A367DDA-5161-A942-4F09-60E4726C9306}"
EndProject
Project("{2150E333-8FDC-42A3-9474-1A3956D46DE8}") = "Banking", "Banking", "{D11ED4AD-F0C4-8F64-694C-ADCA099720A2}"
EndProject
Project("{2150E333-8FDC-42A3-9474-1A3956D46DE8}") = "Api", "Api", "{1270C066-FA85-ACBB-6AE1-7E0D8F2B5F1A}"
EndProject
Project("{FAE04EC0-301F-11D3-BF4B-00C04F79EFBC}") = "MicroRabbit.Banking.Api", "Microservices\Banking\Api\MicroRabbit.Banking.Api\MicroRabbit.Banking.Api.csproj", "{2AB121AC-2E19-428D-A10C-6B9CEDF1A374}"
EndProject
Project("{2150E333-8FDC-42A3-9474-1A3956D46DE8}") = "Application", "Application", "{ED195D12-C8A9-050F-1FF9-04BF021258AE}"
EndProject
Project("{FAE04EC0-301F-11D3-BF4B-00C04F79EFBC}") = "MicroRabbit.Banking.Application", "Microservices\Banking\Application\MicroRabbit.Banking.Application\MicroRabbit.Banking.Application.csproj", "{CC55A603-8A16-4A30-91B6-3BD4ADAA38F4}"
EndProject
Project("{2150E333-8FDC-42A3-9474-1A3956D46DE8}") = "Data", "Data", "{692DEFA5-EC9F-9C85-16C2-C6CECEF97243}"
EndProject
Project("{FAE04EC0-301F-11D3-BF4B-00C04F79EFBC}") = "MicroRabbit.Banking.Data", "Microservices\Banking\Data\MicroRabbit.Banking.Data\MicroRabbit.Banking.Data.csproj", "{DC106C06-0FA1-4B73-8998-9DF5A4DBBAC9}"
EndProject
Project("{2150E333-8FDC-42A3-9474-1A3956D46DE8}") = "Domain", "Domain", "{E774F5DF-41E7-D02C-98A2-D72DBA323910}"
EndProject
Project("{FAE04EC0-301F-11D3-BF4B-00C04F79EFBC}") = "MicroRabbit.Banking.Domain", "Microservices\Banking\Domain\MicroRabbit.Banking.Domain\MicroRabbit.Banking.Domain.csproj", "{72C4BAEF-74D3-468A-9CE3-3B1D8F2B437C}"
EndProject
Global
	GlobalSection(SolutionConfigurationPlatforms) = preSolution
		Debug|Any CPU = Debug|Any CPU
		Debug|x64 = Debug|x64
		Debug|x86 = Debug|x86
		Release|Any CPU = Release|Any CPU
		Release|x64 = Release|x64
		Release|x86 = Release|x86
	EndGlobalSection
	GlobalSection(ProjectConfigurationPlatforms) = postSolution
		{CE73FF08-1DF6-42FD-BA3E-85AA8BC35C38}.Debug|Any CPU.ActiveCfg = Debug|Any CPU
		{CE73FF08-1DF6-42FD-BA3E-85AA8BC35C38}.Debug|Any CPU.Build.0 = Debug|Any CPU
		{CE73FF08-1DF6-42FD-BA3E-85AA8BC35C38}.Debug|x64.ActiveCfg = Debug|Any CPU
		{CE73FF08-1DF6-42FD-BA3E-85AA8BC35C38}.Debug|x64.Build.0 = Debug|Any CPU
		{CE73FF08-1DF6-42FD-BA3E-85AA8BC35C38}.Debug|x86.ActiveCfg = Debug|Any CPU
		{CE73FF08-1DF6-42FD-BA3E-85AA8BC35C38}.Debug|x86.Build.0 = Debug|Any CPU
		{CE73FF08-1DF6-42FD-BA3E-85AA8BC35C38}.Release|Any CPU.ActiveCfg = Release|Any CPU
		{CE73FF08-1DF6-42FD-BA3E-85AA8BC35C38}.Release|Any CPU.Build.0 = Release|Any CPU
		{CE73FF08-1DF6-42FD-BA3E-85AA8BC35C38}.Release|x64.ActiveCfg = Release|Any CPU
		{CE73FF08-1DF6-42FD-BA3E-85AA8BC35C38}.Release|x64.Build.0 = Release|Any CPU
		{CE73FF08-1DF6-42FD-BA3E-85AA8BC35C38}.Release|x86.ActiveCfg = Release|Any CPU
		{CE73FF08-1DF6-42FD-BA3E-85AA8BC35C38}.Release|x86.Build.0 = Release|Any CPU
		{5DFCDF69-193A-48A5-934B-74A36DFF81CC}.Debug|Any CPU.ActiveCfg = Debug|Any CPU
		{5DFCDF69-193A-48A5-934B-74A36DFF81CC}.Debug|Any CPU.Build.0 = Debug|Any CPU
		{5DFCDF69-193A-48A5-934B-74A36DFF81CC}.Debug|x64.ActiveCfg = Debug|Any CPU
		{5DFCDF69-193A-48A5-934B-74A36DFF81CC}.Debug|x64.Build.0 = Debug|Any CPU
		{5DFCDF69-193A-48A5-934B-74A36DFF81CC}.Debug|x86.ActiveCfg = Debug|Any CPU
		{5DFCDF69-193A-48A5-934B-74A36DFF81CC}.Debug|x86.Build.0 = Debug|Any CPU
		{5DFCDF69-193A-48A5-934B-74A36DFF81CC}.Release|Any CPU.ActiveCfg = Release|Any CPU
		{5DFCDF69-193A-48A5-934B-74A36DFF81CC}.Release|Any CPU.Build.0 = Release|Any CPU
		{5DFCDF69-193A-48A5-934B-74A36DFF81CC}.Release|x64.ActiveCfg = Release|Any CPU
		{5DFCDF69-193A-48A5-934B-74A36DFF81CC}.Release|x64.Build.0 = Release|Any CPU
		{5DFCDF69-193A-48A5-934B-74A36DFF81CC}.Release|x86.ActiveCfg = Release|Any CPU
		{5DFCDF69-193A-48A5-934B-74A36DFF81CC}.Release|x86.Build.0 = Release|Any CPU
		{D958B367-A128-4193-98AB-9755C2937782}.Debug|Any CPU.ActiveCfg = Debug|Any CPU
		{D958B367-A128-4193-98AB-9755C2937782}.Debug|Any CPU.Build.0 = Debug|Any CPU
		{D958B367-A128-4193-98AB-9755C2937782}.Debug|x64.ActiveCfg = Debug|Any CPU
		{D958B367-A128-4193-98AB-9755C2937782}.Debug|x64.Build.0 = Debug|Any CPU
		{D958B367-A128-4193-98AB-9755C2937782}.Debug|x86.ActiveCfg = Debug|Any CPU
		{D958B367-A128-4193-98AB-9755C2937782}.Debug|x86.Build.0 = Debug|Any CPU
		{D958B367-A128-4193-98AB-9755C2937782}.Release|Any CPU.ActiveCfg = Release|Any CPU
		{D958B367-A128-4193-98AB-9755C2937782}.Release|Any CPU.Build.0 = Release|Any CPU
		{D958B367-A128-4193-98AB-9755C2937782}.Release|x64.ActiveCfg = Release|Any CPU
		{D958B367-A128-4193-98AB-9755C2937782}.Release|x64.Build.0 = Release|Any CPU
		{D958B367-A128-4193-98AB-9755C2937782}.Release|x86.ActiveCfg = Release|Any CPU
		{D958B367-A128-4193-98AB-9755C2937782}.Release|x86.Build.0 = Release|Any CPU
		{2AB121AC-2E19-428D-A10C-6B9CEDF1A374}.Debug|Any CPU.ActiveCfg = Debug|Any CPU
		{2AB121AC-2E19-428D-A10C-6B9CEDF1A374}.Debug|Any CPU.Build.0 = Debug|Any CPU
		{2AB121AC-2E19-428D-A10C-6B9CEDF1A374}.Debug|x64.ActiveCfg = Debug|Any CPU
		{2AB121AC-2E19-428D-A10C-6B9CEDF1A374}.Debug|x64.Build.0 = Debug|Any CPU
		{2AB121AC-2E19-428D-A10C-6B9CEDF1A374}.Debug|x86.ActiveCfg = Debug|Any CPU
		{2AB121AC-2E19-428D-A10C-6B9CEDF1A374}.Debug|x86.Build.0 = Debug|Any CPU
		{2AB121AC-2E19-428D-A10C-6B9CEDF1A374}.Release|Any CPU.ActiveCfg = Release|Any CPU
		{2AB121AC-2E19-428D-A10C-6B9CEDF1A374}.Release|Any CPU.Build.0 = Release|Any CPU
		{2AB121AC-2E19-428D-A10C-6B9CEDF1A374}.Release|x64.ActiveCfg = Release|Any CPU
		{2AB121AC-2E19-428D-A10C-6B9CEDF1A374}.Release|x64.Build.0 = Release|Any CPU
		{2AB121AC-2E19-428D-A10C-6B9CEDF1A374}.Release|x86.ActiveCfg = Release|Any CPU
		{2AB121AC-2E19-428D-A10C-6B9CEDF1A374}.Release|x86.Build.0 = Release|Any CPU
		{CC55A603-8A16-4A30-91B6-3BD4ADAA38F4}.Debug|Any CPU.ActiveCfg = Debug|Any CPU
		{CC55A603-8A16-4A30-91B6-3BD4ADAA38F4}.Debug|Any CPU.Build.0 = Debug|Any CPU
		{CC55A603-8A16-4A30-91B6-3BD4ADAA38F4}.Debug|x64.ActiveCfg = Debug|Any CPU
		{CC55A603-8A16-4A30-91B6-3BD4ADAA38F4}.Debug|x64.Build.0 = Debug|Any CPU
		{CC55A603-8A16-4A30-91B6-3BD4ADAA38F4}.Debug|x86.ActiveCfg = Debug|Any CPU
		{CC55A603-8A16-4A30-91B6-3BD4ADAA38F4}.Debug|x86.Build.0 = Debug|Any CPU
		{CC55A603-8A16-4A30-91B6-3BD4ADAA38F4}.Release|Any CPU.ActiveCfg = Release|Any CPU
		{CC55A603-8A16-4A30-91B6-3BD4ADAA38F4}.Release|Any CPU.Build.0 = Release|Any CPU
		{CC55A603-8A16-4A30-91B6-3BD4ADAA38F4}.Release|x64.ActiveCfg = Release|Any CPU
		{CC55A603-8A16-4A30-91B6-3BD4ADAA38F4}.Release|x64.Build.0 = Release|Any CPU
		{CC55A603-8A16-4A30-91B6-3BD4ADAA38F4}.Release|x86.ActiveCfg = Release|Any CPU
		{CC55A603-8A16-4A30-91B6-3BD4ADAA38F4}.Release|x86.Build.0 = Release|Any CPU
		{DC106C06-0FA1-4B73-8998-9DF5A4DBBAC9}.Debug|Any CPU.ActiveCfg = Debug|Any CPU
		{DC106C06-0FA1-4B73-8998-9DF5A4DBBAC9}.Debug|Any CPU.Build.0 = Debug|Any CPU
		{DC106C06-0FA1-4B73-8998-9DF5A4DBBAC9}.Debug|x64.ActiveCfg = Debug|Any CPU
		{DC106C06-0FA1-4B73-8998-9DF5A4DBBAC9}.Debug|x64.Build.0 = Debug|Any CPU
		{DC106C06-0FA1-4B73-8998-9DF5A4DBBAC9}.Debug|x86.ActiveCfg = Debug|Any CPU
		{DC106C06-0FA1-4B73-8998-9DF5A4DBBAC9}.Debug|x86.Build.0 = Debug|Any CPU
		{DC106C06-0FA1-4B73-8998-9DF5A4DBBAC9}.Release|Any CPU.ActiveCfg = Release|Any CPU
		{DC106C06-0FA1-4B73-8998-9DF5A4DBBAC9}.Release|Any CPU.Build.0 = Release|Any CPU
		{DC106C06-0FA1-4B73-8998-9DF5A4DBBAC9}.Release|x64.ActiveCfg = Release|Any CPU
		{DC106C06-0FA1-4B73-8998-9DF5A4DBBAC9}.Release|x64.Build.0 = Release|Any CPU
		{DC106C06-0FA1-4B73-8998-9DF5A4DBBAC9}.Release|x86.ActiveCfg = Release|Any CPU
		{DC106C06-0FA1-4B73-8998-9DF5A4DBBAC9}.Release|x86.Build.0 = Release|Any CPU
		{72C4BAEF-74D3-468A-9CE3-3B1D8F2B437C}.Debug|Any CPU.ActiveCfg = Debug|Any CPU
		{72C4BAEF-74D3-468A-9CE3-3B1D8F2B437C}.Debug|Any CPU.Build.0 = Debug|Any CPU
		{72C4BAEF-74D3-468A-9CE3-3B1D8F2B437C}.Debug|x64.ActiveCfg = Debug|Any CPU
		{72C4BAEF-74D3-468A-9CE3-3B1D8F2B437C}.Debug|x64.Build.0 = Debug|Any CPU
		{72C4BAEF-74D3-468A-9CE3-3B1D8F2B437C}.Debug|x86.ActiveCfg = Debug|Any CPU
		{72C4BAEF-74D3-468A-9CE3-3B1D8F2B437C}.Debug|x86.Build.0 = Debug|Any CPU
		{72C4BAEF-74D3-468A-9CE3-3B1D8F2B437C}.Release|Any CPU.ActiveCfg = Release|Any CPU
		{72C4BAEF-74D3-468A-9CE3-3B1D8F2B437C}.Release|Any CPU.Build.0 = Release|Any CPU
		{72C4BAEF-74D3-468A-9CE3-3B1D8F2B437C}.Release|x64.ActiveCfg = Release|Any CPU
		{72C4BAEF-74D3-468A-9CE3-3B1D8F2B437C}.Release|x64.Build.0 = Release|Any CPU
		{72C4BAEF-74D3-468A-9CE3-3B1D8F2B437C}.Release|x86.ActiveCfg = Release|Any CPU
		{72C4BAEF-74D3-468A-9CE3-3B1D8F2B437C}.Release|x86.Build.0 = Release|Any CPU
	EndGlobalSection
	GlobalSection(SolutionProperties) = preSolution
		HideSolutionNode = FALSE
	EndGlobalSection
	GlobalSection(NestedProjects) = preSolution
		{CE73FF08-1DF6-42FD-BA3E-85AA8BC35C38} = {996CEBED-A05B-5D42-3FF0-982E087A2599}
		{D11ED4AD-F0C4-8F64-694C-ADCA099720A2} = {8A367DDA-5161-A942-4F09-60E4726C9306}
		{1270C066-FA85-ACBB-6AE1-7E0D8F2B5F1A} = {D11ED4AD-F0C4-8F64-694C-ADCA099720A2}
		{2AB121AC-2E19-428D-A10C-6B9CEDF1A374} = {1270C066-FA85-ACBB-6AE1-7E0D8F2B5F1A}
		{ED195D12-C8A9-050F-1FF9-04BF021258AE} = {D11ED4AD-F0C4-8F64-694C-ADCA099720A2}
		{CC55A603-8A16-4A30-91B6-3BD4ADAA38F4} = {ED195D12-C8A9-050F-1FF9-04BF021258AE}
		{692DEFA5-EC9F-9C85-16C2-C6CECEF97243} = {D11ED4AD-F0C4-8F64-694C-ADCA099720A2}
		{DC106C06-0FA1-4B73-8998-9DF5A4DBBAC9} = {692DEFA5-EC9F-9C85-16C2-C6CECEF97243}
		{E774F5DF-41E7-D02C-98A2-D72DBA323910} = {D11ED4AD-F0C4-8F64-694C-ADCA099720A2}
		{72C4BAEF-74D3-468A-9CE3-3B1D8F2B437C} = {E774F5DF-41E7-D02C-98A2-D72DBA323910}
	EndGlobalSection
	GlobalSection(ExtensibilityGlobals) = postSolution
		SolutionGuid = {EA741FCE-9714-4E76-9104-290B5DC71E29}
	EndGlobalSection
EndGlobal
